{
    "_readme": [
        "This file locks the dependencies of your project to a known state",
        "Read more about it at https://getcomposer.org/doc/01-basic-usage.md#composer-lock-the-lock-file",
        "This file is @generated automatically"
    ],
    "hash": "533af436486afe95342d0b3b6af7bdd1",
    "content-hash": "bdf7a32eb08587526828566b0bee55b3",
    "packages": [
        {
            "name": "xinchin/draco",
            "version": "dev-master",
            "source": {
                "type": "git",
                "url": "https://github.com/xinchin/draco.git",
                "reference": "55a6ed914d006013de0b4fdfdaf3e6216ecde1f8"
            },
            "dist": {
                "type": "zip",
                "url": "https://api.github.com/repos/xinchin/draco/zipball/55a6ed914d006013de0b4fdfdaf3e6216ecde1f8",
                "reference": "55a6ed914d006013de0b4fdfdaf3e6216ecde1f8",
                "shasum": ""
            },
            "require": {
                "php": ">=5.3.0"
            },
            "type": "library",
            "notification-url": "https://packagist.org/downloads/",
            "time": "2013-09-09 16:05:54"
        }
    ],
    "packages-dev": [],
    "aliases": [],
    "minimum-stability": "stable",
    "stability-flags": {
        "xinchin/draco": 20
    },
    "prefer-stable": false,
    "prefer-lowest": false,
    "platform": [],
    "platform-dev": []
}
